// !$*UTF8*$!
{
	archiveVersion = 1;
	classes = {
	};
	objectVersion = 55;
	objects = {

/* Begin PBXBuildFile section */
		EC665884288D3A07007E9501 /* PhotoViewController.swift in Sources */ = {isa = PBXBuildFile; fileRef = EC665883288D3A07007E9501 /* PhotoViewController.swift */; };
		EC665887288D3A22007E9501 /* PhotoViewModel.swift in Sources */ = {isa = PBXBuildFile; fileRef = EC665886288D3A22007E9501 /* PhotoViewModel.swift */; };
		EC66588A288D3D34007E9501 /* GlobantConstants.swift in Sources */ = {isa = PBXBuildFile; fileRef = EC665889288D3D34007E9501 /* GlobantConstants.swift */; };
		EC66588E288DA46F007E9501 /* README.md in Resources */ = {isa = PBXBuildFile; fileRef = EC66588D288DA46F007E9501 /* README.md */; };
		EC665890288DA557007E9501 /* APODViewModelTestCases.swift in Sources */ = {isa = PBXBuildFile; fileRef = EC66588F288DA557007E9501 /* APODViewModelTestCases.swift */; };
		EC665892288DB2C0007E9501 /* LoadPhotoVMTestCases.swift in Sources */ = {isa = PBXBuildFile; fileRef = EC665891288DB2C0007E9501 /* LoadPhotoVMTestCases.swift */; };
		EC9977F8288846EE0035A79E /* AppDelegate.swift in Sources */ = {isa = PBXBuildFile; fileRef = EC9977F7288846EE0035A79E /* AppDelegate.swift */; };
		EC997802288846EE0035A79E /* GS_Demo.xcdatamodeld in Sources */ = {isa = PBXBuildFile; fileRef = EC997800288846EE0035A79E /* GS_Demo.xcdatamodeld */; };
		EC997804288846EF0035A79E /* Assets.xcassets in Resources */ = {isa = PBXBuildFile; fileRef = EC997803288846EF0035A79E /* Assets.xcassets */; };
		EC997807288846EF0035A79E /* LaunchScreen.storyboard in Resources */ = {isa = PBXBuildFile; fileRef = EC997805288846EF0035A79E /* LaunchScreen.storyboard */; };
		EC997812288846F00035A79E /* GS_DemoTests.swift in Sources */ = {isa = PBXBuildFile; fileRef = EC997811288846F00035A79E /* GS_DemoTests.swift */; };
		EC99781C288846F00035A79E /* GS_DemoUITests.swift in Sources */ = {isa = PBXBuildFile; fileRef = EC99781B288846F00035A79E /* GS_DemoUITests.swift */; };
		EC99781E288846F00035A79E /* GS_DemoUITestsLaunchTests.swift in Sources */ = {isa = PBXBuildFile; fileRef = EC99781D288846F00035A79E /* GS_DemoUITestsLaunchTests.swift */; };
		EC997832288848980035A79E /* Router.swift in Sources */ = {isa = PBXBuildFile; fileRef = EC997831288848980035A79E /* Router.swift */; };
		EC997837288849AD0035A79E /* APODViewController.swift in Sources */ = {isa = PBXBuildFile; fileRef = EC997836288849AD0035A79E /* APODViewController.swift */; };
		EC997839288849D70035A79E /* BaseViewController.swift in Sources */ = {isa = PBXBuildFile; fileRef = EC997838288849D70035A79E /* BaseViewController.swift */; };
		EC99783B28884BFF0035A79E /* PictureDetailsModel.swift in Sources */ = {isa = PBXBuildFile; fileRef = EC99783A28884BFF0035A79E /* PictureDetailsModel.swift */; };
		EC99783D28884C5B0035A79E /* ImageDownloadManager.swift in Sources */ = {isa = PBXBuildFile; fileRef = EC99783C28884C5B0035A79E /* ImageDownloadManager.swift */; };
		EC997841288876D80035A79E /* EndPoint.swift in Sources */ = {isa = PBXBuildFile; fileRef = EC997840288876D80035A79E /* EndPoint.swift */; };
		EC997843288877360035A79E /* EndPoint+Paths.swift in Sources */ = {isa = PBXBuildFile; fileRef = EC997842288877360035A79E /* EndPoint+Paths.swift */; };
		EC997845288877A00035A79E /* Endpoint+Method.swift in Sources */ = {isa = PBXBuildFile; fileRef = EC997844288877A00035A79E /* Endpoint+Method.swift */; };
		EC997847288877E00035A79E /* EndPoint+Calls.swift in Sources */ = {isa = PBXBuildFile; fileRef = EC997846288877E00035A79E /* EndPoint+Calls.swift */; };
		EC99784A28892A870035A79E /* NetworkingConstants.swift in Sources */ = {isa = PBXBuildFile; fileRef = EC99784928892A870035A79E /* NetworkingConstants.swift */; };
		EC99784C28892A950035A79E /* Networking.swift in Sources */ = {isa = PBXBuildFile; fileRef = EC99784B28892A950035A79E /* Networking.swift */; };
		EC99784E28892B160035A79E /* Reachability.swift in Sources */ = {isa = PBXBuildFile; fileRef = EC99784D28892B160035A79E /* Reachability.swift */; };
		EC99785028895A1D0035A79E /* GSApiServices.swift in Sources */ = {isa = PBXBuildFile; fileRef = EC99784F28895A1D0035A79E /* GSApiServices.swift */; };
		EC99785228895AA90035A79E /* GSApiServices+Constants.swift in Sources */ = {isa = PBXBuildFile; fileRef = EC99785128895AA90035A79E /* GSApiServices+Constants.swift */; };
		EC997859288966290035A79E /* CoreDataManager.swift in Sources */ = {isa = PBXBuildFile; fileRef = EC997858288966290035A79E /* CoreDataManager.swift */; };
		EC99785D2889754B0035A79E /* PictureDetailsManagedModel.swift in Sources */ = {isa = PBXBuildFile; fileRef = EC99785C2889754B0035A79E /* PictureDetailsManagedModel.swift */; };
		EC99785F28899F9E0035A79E /* Extensions.swift in Sources */ = {isa = PBXBuildFile; fileRef = EC99785E28899F9E0035A79E /* Extensions.swift */; };
		EC997861288AA0970035A79E /* APODViewModel.swift in Sources */ = {isa = PBXBuildFile; fileRef = EC997860288AA0970035A79E /* APODViewModel.swift */; };
		EC997863288AA2920035A79E /* APODCellViewModel.swift in Sources */ = {isa = PBXBuildFile; fileRef = EC997862288AA2920035A79E /* APODCellViewModel.swift */; };
		EC997866288ADB800035A79E /* APODView.swift in Sources */ = {isa = PBXBuildFile; fileRef = EC997865288ADB800035A79E /* APODView.swift */; };
		EC997868288AE3420035A79E /* DateSelectorView.swift in Sources */ = {isa = PBXBuildFile; fileRef = EC997867288AE3420035A79E /* DateSelectorView.swift */; };
		EC99786C288B024B0035A79E /* APODCell.swift in Sources */ = {isa = PBXBuildFile; fileRef = EC99786B288B024B0035A79E /* APODCell.swift */; };
		EC99786E288C30F00035A79E /* Loader.swift in Sources */ = {isa = PBXBuildFile; fileRef = EC99786D288C30F00035A79E /* Loader.swift */; };
/* End PBXBuildFile section */

/* Begin PBXContainerItemProxy section */
		EC99780E288846F00035A79E /* PBXContainerItemProxy */ = {
			isa = PBXContainerItemProxy;
			containerPortal = EC9977EC288846EE0035A79E /* Project object */;
			proxyType = 1;
			remoteGlobalIDString = EC9977F3288846EE0035A79E;
			remoteInfo = GS_Demo;
		};
		EC997818288846F00035A79E /* PBXContainerItemProxy */ = {
			isa = PBXContainerItemProxy;
			containerPortal = EC9977EC288846EE0035A79E /* Project object */;
			proxyType = 1;
			remoteGlobalIDString = EC9977F3288846EE0035A79E;
			remoteInfo = GS_Demo;
		};
/* End PBXContainerItemProxy section */

/* Begin PBXFileReference section */
		EC665883288D3A07007E9501 /* PhotoViewController.swift */ = {isa = PBXFileReference; lastKnownFileType = sourcecode.swift; path = PhotoViewController.swift; sourceTree = "<group>"; };
		EC665886288D3A22007E9501 /* PhotoViewModel.swift */ = {isa = PBXFileReference; lastKnownFileType = sourcecode.swift; path = PhotoViewModel.swift; sourceTree = "<group>"; };
		EC665889288D3D34007E9501 /* GlobantConstants.swift */ = {isa = PBXFileReference; lastKnownFileType = sourcecode.swift; path = GlobantConstants.swift; sourceTree = "<group>"; };
		EC66588D288DA46F007E9501 /* README.md */ = {isa = PBXFileReference; fileEncoding = 4; lastKnownFileType = net.daringfireball.markdown; path = README.md; sourceTree = "<group>"; };
		EC66588F288DA557007E9501 /* APODViewModelTestCases.swift */ = {isa = PBXFileReference; lastKnownFileType = sourcecode.swift; path = APODViewModelTestCases.swift; sourceTree = "<group>"; };
		EC665891288DB2C0007E9501 /* LoadPhotoVMTestCases.swift */ = {isa = PBXFileReference; lastKnownFileType = sourcecode.swift; path = LoadPhotoVMTestCases.swift; sourceTree = "<group>"; };
		EC9977F4288846EE0035A79E /* GS_Demo.app */ = {isa = PBXFileReference; explicitFileType = wrapper.application; includeInIndex = 0; path = GS_Demo.app; sourceTree = BUILT_PRODUCTS_DIR; };
		EC9977F7288846EE0035A79E /* AppDelegate.swift */ = {isa = PBXFileReference; lastKnownFileType = sourcecode.swift; path = AppDelegate.swift; sourceTree = "<group>"; };
		EC997801288846EE0035A79E /* GS_Demo.xcdatamodel */ = {isa = PBXFileReference; lastKnownFileType = wrapper.xcdatamodel; path = GS_Demo.xcdatamodel; sourceTree = "<group>"; };
		EC997803288846EF0035A79E /* Assets.xcassets */ = {isa = PBXFileReference; lastKnownFileType = folder.assetcatalog; path = Assets.xcassets; sourceTree = "<group>"; };
		EC997806288846EF0035A79E /* Base */ = {isa = PBXFileReference; lastKnownFileType = file.storyboard; name = Base; path = Base.lproj/LaunchScreen.storyboard; sourceTree = "<group>"; };
		EC997808288846EF0035A79E /* Info.plist */ = {isa = PBXFileReference; lastKnownFileType = text.plist.xml; path = Info.plist; sourceTree = "<group>"; };
		EC99780D288846F00035A79E /* GS_DemoTests.xctest */ = {isa = PBXFileReference; explicitFileType = wrapper.cfbundle; includeInIndex = 0; path = GS_DemoTests.xctest; sourceTree = BUILT_PRODUCTS_DIR; };
		EC997811288846F00035A79E /* GS_DemoTests.swift */ = {isa = PBXFileReference; lastKnownFileType = sourcecode.swift; path = GS_DemoTests.swift; sourceTree = "<group>"; };
		EC997817288846F00035A79E /* GS_DemoUITests.xctest */ = {isa = PBXFileReference; explicitFileType = wrapper.cfbundle; includeInIndex = 0; path = GS_DemoUITests.xctest; sourceTree = BUILT_PRODUCTS_DIR; };
		EC99781B288846F00035A79E /* GS_DemoUITests.swift */ = {isa = PBXFileReference; lastKnownFileType = sourcecode.swift; path = GS_DemoUITests.swift; sourceTree = "<group>"; };
		EC99781D288846F00035A79E /* GS_DemoUITestsLaunchTests.swift */ = {isa = PBXFileReference; lastKnownFileType = sourcecode.swift; path = GS_DemoUITestsLaunchTests.swift; sourceTree = "<group>"; };
		EC997831288848980035A79E /* Router.swift */ = {isa = PBXFileReference; lastKnownFileType = sourcecode.swift; path = Router.swift; sourceTree = "<group>"; };
		EC997836288849AD0035A79E /* APODViewController.swift */ = {isa = PBXFileReference; lastKnownFileType = sourcecode.swift; path = APODViewController.swift; sourceTree = "<group>"; };
		EC997838288849D70035A79E /* BaseViewController.swift */ = {isa = PBXFileReference; lastKnownFileType = sourcecode.swift; path = BaseViewController.swift; sourceTree = "<group>"; };
		EC99783A28884BFF0035A79E /* PictureDetailsModel.swift */ = {isa = PBXFileReference; lastKnownFileType = sourcecode.swift; path = PictureDetailsModel.swift; sourceTree = "<group>"; };
		EC99783C28884C5B0035A79E /* ImageDownloadManager.swift */ = {isa = PBXFileReference; lastKnownFileType = sourcecode.swift; path = ImageDownloadManager.swift; sourceTree = "<group>"; };
		EC997840288876D80035A79E /* EndPoint.swift */ = {isa = PBXFileReference; lastKnownFileType = sourcecode.swift; path = EndPoint.swift; sourceTree = "<group>"; };
		EC997842288877360035A79E /* EndPoint+Paths.swift */ = {isa = PBXFileReference; lastKnownFileType = sourcecode.swift; path = "EndPoint+Paths.swift"; sourceTree = "<group>"; };
		EC997844288877A00035A79E /* Endpoint+Method.swift */ = {isa = PBXFileReference; lastKnownFileType = sourcecode.swift; path = "Endpoint+Method.swift"; sourceTree = "<group>"; };
		EC997846288877E00035A79E /* EndPoint+Calls.swift */ = {isa = PBXFileReference; lastKnownFileType = sourcecode.swift; path = "EndPoint+Calls.swift"; sourceTree = "<group>"; };
		EC99784928892A870035A79E /* NetworkingConstants.swift */ = {isa = PBXFileReference; lastKnownFileType = sourcecode.swift; path = NetworkingConstants.swift; sourceTree = "<group>"; };
		EC99784B28892A950035A79E /* Networking.swift */ = {isa = PBXFileReference; lastKnownFileType = sourcecode.swift; path = Networking.swift; sourceTree = "<group>"; };
		EC99784D28892B160035A79E /* Reachability.swift */ = {isa = PBXFileReference; fileEncoding = 4; lastKnownFileType = sourcecode.swift; path = Reachability.swift; sourceTree = "<group>"; };
		EC99784F28895A1D0035A79E /* GSApiServices.swift */ = {isa = PBXFileReference; lastKnownFileType = sourcecode.swift; path = GSApiServices.swift; sourceTree = "<group>"; };
		EC99785128895AA90035A79E /* GSApiServices+Constants.swift */ = {isa = PBXFileReference; lastKnownFileType = sourcecode.swift; path = "GSApiServices+Constants.swift"; sourceTree = "<group>"; };
		EC997858288966290035A79E /* CoreDataManager.swift */ = {isa = PBXFileReference; lastKnownFileType = sourcecode.swift; path = CoreDataManager.swift; sourceTree = "<group>"; };
		EC99785C2889754B0035A79E /* PictureDetailsManagedModel.swift */ = {isa = PBXFileReference; lastKnownFileType = sourcecode.swift; path = PictureDetailsManagedModel.swift; sourceTree = "<group>"; };
		EC99785E28899F9E0035A79E /* Extensions.swift */ = {isa = PBXFileReference; lastKnownFileType = sourcecode.swift; path = Extensions.swift; sourceTree = "<group>"; };
		EC997860288AA0970035A79E /* APODViewModel.swift */ = {isa = PBXFileReference; lastKnownFileType = sourcecode.swift; path = APODViewModel.swift; sourceTree = "<group>"; };
		EC997862288AA2920035A79E /* APODCellViewModel.swift */ = {isa = PBXFileReference; lastKnownFileType = sourcecode.swift; path = APODCellViewModel.swift; sourceTree = "<group>"; };
		EC997865288ADB800035A79E /* APODView.swift */ = {isa = PBXFileReference; lastKnownFileType = sourcecode.swift; path = APODView.swift; sourceTree = "<group>"; };
		EC997867288AE3420035A79E /* DateSelectorView.swift */ = {isa = PBXFileReference; lastKnownFileType = sourcecode.swift; path = DateSelectorView.swift; sourceTree = "<group>"; };
		EC99786B288B024B0035A79E /* APODCell.swift */ = {isa = PBXFileReference; lastKnownFileType = sourcecode.swift; path = APODCell.swift; sourceTree = "<group>"; };
		EC99786D288C30F00035A79E /* Loader.swift */ = {isa = PBXFileReference; lastKnownFileType = sourcecode.swift; path = Loader.swift; sourceTree = "<group>"; };
/* End PBXFileReference section */

/* Begin PBXFrameworksBuildPhase section */
		EC9977F1288846EE0035A79E /* Frameworks */ = {
			isa = PBXFrameworksBuildPhase;
			buildActionMask = 2147483647;
			files = (
			);
			runOnlyForDeploymentPostprocessing = 0;
		};
		EC99780A288846F00035A79E /* Frameworks */ = {
			isa = PBXFrameworksBuildPhase;
			buildActionMask = 2147483647;
			files = (
			);
			runOnlyForDeploymentPostprocessing = 0;
		};
		EC997814288846F00035A79E /* Frameworks */ = {
			isa = PBXFrameworksBuildPhase;
			buildActionMask = 2147483647;
			files = (
			);
			runOnlyForDeploymentPostprocessing = 0;
		};
/* End PBXFrameworksBuildPhase section */

/* Begin PBXGroup section */
		EC665882288D39D1007E9501 /* PhotoViewController */ = {
			isa = PBXGroup;
			children = (
				EC665883288D3A07007E9501 /* PhotoViewController.swift */,
			);
			path = PhotoViewController;
			sourceTree = "<group>";
		};
		EC665885288D3A11007E9501 /* APOD */ = {
			isa = PBXGroup;
			children = (
				EC997860288AA0970035A79E /* APODViewModel.swift */,
				EC997862288AA2920035A79E /* APODCellViewModel.swift */,
			);
			path = APOD;
			sourceTree = "<group>";
		};
		EC665888288D3A26007E9501 /* PhotoView */ = {
			isa = PBXGroup;
			children = (
				EC665886288D3A22007E9501 /* PhotoViewModel.swift */,
			);
			path = PhotoView;
			sourceTree = "<group>";
		};
		EC9977EB288846EE0035A79E = {
			isa = PBXGroup;
			children = (
				EC9977F6288846EE0035A79E /* GS_Demo */,
				EC997810288846F00035A79E /* GS_DemoTests */,
				EC99781A288846F00035A79E /* GS_DemoUITests */,
				EC66588D288DA46F007E9501 /* README.md */,
				EC9977F5288846EE0035A79E /* Products */,
			);
			sourceTree = "<group>";
		};
		EC9977F5288846EE0035A79E /* Products */ = {
			isa = PBXGroup;
			children = (
				EC9977F4288846EE0035A79E /* GS_Demo.app */,
				EC99780D288846F00035A79E /* GS_DemoTests.xctest */,
				EC997817288846F00035A79E /* GS_DemoUITests.xctest */,
			);
			name = Products;
			sourceTree = "<group>";
		};
		EC9977F6288846EE0035A79E /* GS_Demo */ = {
			isa = PBXGroup;
			children = (
				EC9977F7288846EE0035A79E /* AppDelegate.swift */,
				EC9978352888496D0035A79E /* Views */,
				EC99782B2888480F0035A79E /* ViewModels */,
				EC99782D288848290035A79E /* Model */,
				EC99782C288848150035A79E /* Navigation */,
				EC99782E288848330035A79E /* Services+Manageres */,
				EC9978302888484D0035A79E /* Utils */,
				EC99782F288848480035A79E /* Common */,
				EC997803288846EF0035A79E /* Assets.xcassets */,
				EC997805288846EF0035A79E /* LaunchScreen.storyboard */,
				EC997808288846EF0035A79E /* Info.plist */,
				EC997800288846EE0035A79E /* GS_Demo.xcdatamodeld */,
			);
			path = GS_Demo;
			sourceTree = "<group>";
		};
		EC997810288846F00035A79E /* GS_DemoTests */ = {
			isa = PBXGroup;
			children = (
				EC997811288846F00035A79E /* GS_DemoTests.swift */,
				EC66588F288DA557007E9501 /* APODViewModelTestCases.swift */,
				EC665891288DB2C0007E9501 /* LoadPhotoVMTestCases.swift */,
			);
			path = GS_DemoTests;
			sourceTree = "<group>";
		};
		EC99781A288846F00035A79E /* GS_DemoUITests */ = {
			isa = PBXGroup;
			children = (
				EC99781B288846F00035A79E /* GS_DemoUITests.swift */,
				EC99781D288846F00035A79E /* GS_DemoUITestsLaunchTests.swift */,
			);
			path = GS_DemoUITests;
			sourceTree = "<group>";
		};
		EC99782A288848090035A79E /* VCs */ = {
			isa = PBXGroup;
			children = (
				EC997864288ADB580035A79E /* APOD */,
				EC665882288D39D1007E9501 /* PhotoViewController */,
				EC997838288849D70035A79E /* BaseViewController.swift */,
			);
			path = VCs;
			sourceTree = "<group>";
		};
		EC99782B2888480F0035A79E /* ViewModels */ = {
			isa = PBXGroup;
			children = (
				EC665885288D3A11007E9501 /* APOD */,
				EC665888288D3A26007E9501 /* PhotoView */,
			);
			path = ViewModels;
			sourceTree = "<group>";
		};
		EC99782C288848150035A79E /* Navigation */ = {
			isa = PBXGroup;
			children = (
				EC997831288848980035A79E /* Router.swift */,
			);
			path = Navigation;
			sourceTree = "<group>";
		};
		EC99782D288848290035A79E /* Model */ = {
			isa = PBXGroup;
			children = (
				EC99785B288974EF0035A79E /* PersistenceModel */,
				EC99785A288974E70035A79E /* DomainModel */,
			);
			path = Model;
			sourceTree = "<group>";
		};
		EC99782E288848330035A79E /* Services+Manageres */ = {
			isa = PBXGroup;
			children = (
				EC997857288966030035A79E /* DataStore */,
				EC99783E2888768F0035A79E /* APIServices */,
			);
			path = "Services+Manageres";
			sourceTree = "<group>";
		};
		EC99782F288848480035A79E /* Common */ = {
			isa = PBXGroup;
			children = (
				EC99786D288C30F00035A79E /* Loader.swift */,
				EC665889288D3D34007E9501 /* GlobantConstants.swift */,
			);
			path = Common;
			sourceTree = "<group>";
		};
		EC9978302888484D0035A79E /* Utils */ = {
			isa = PBXGroup;
			children = (
				EC99785E28899F9E0035A79E /* Extensions.swift */,
			);
			path = Utils;
			sourceTree = "<group>";
		};
		EC9978352888496D0035A79E /* Views */ = {
			isa = PBXGroup;
			children = (
				EC99782A288848090035A79E /* VCs */,
			);
			path = Views;
			sourceTree = "<group>";
		};
		EC99783E2888768F0035A79E /* APIServices */ = {
			isa = PBXGroup;
			children = (
				EC99784F28895A1D0035A79E /* GSApiServices.swift */,
				EC99785128895AA90035A79E /* GSApiServices+Constants.swift */,
				EC99783C28884C5B0035A79E /* ImageDownloadManager.swift */,
				EC99785328895DA90035A79E /* Common */,
			);
			path = APIServices;
			sourceTree = "<group>";
		};
		EC99783F288876B80035A79E /* EndPoitn */ = {
			isa = PBXGroup;
			children = (
				EC997840288876D80035A79E /* EndPoint.swift */,
				EC997842288877360035A79E /* EndPoint+Paths.swift */,
				EC997844288877A00035A79E /* Endpoint+Method.swift */,
				EC997846288877E00035A79E /* EndPoint+Calls.swift */,
			);
			path = EndPoitn;
			sourceTree = "<group>";
		};
		EC99784828892A700035A79E /* Networking */ = {
			isa = PBXGroup;
			children = (
				EC99784D28892B160035A79E /* Reachability.swift */,
				EC99784928892A870035A79E /* NetworkingConstants.swift */,
				EC99784B28892A950035A79E /* Networking.swift */,
			);
			path = Networking;
			sourceTree = "<group>";
		};
		EC99785328895DA90035A79E /* Common */ = {
			isa = PBXGroup;
			children = (
				EC99784828892A700035A79E /* Networking */,
				EC99783F288876B80035A79E /* EndPoitn */,
			);
			path = Common;
			sourceTree = "<group>";
		};
		EC997857288966030035A79E /* DataStore */ = {
			isa = PBXGroup;
			children = (
				EC997858288966290035A79E /* CoreDataManager.swift */,
			);
			path = DataStore;
			sourceTree = "<group>";
		};
		EC99785A288974E70035A79E /* DomainModel */ = {
			isa = PBXGroup;
			children = (
				EC99783A28884BFF0035A79E /* PictureDetailsModel.swift */,
			);
			path = DomainModel;
			sourceTree = "<group>";
		};
		EC99785B288974EF0035A79E /* PersistenceModel */ = {
			isa = PBXGroup;
			children = (
				EC99785C2889754B0035A79E /* PictureDetailsManagedModel.swift */,
			);
			path = PersistenceModel;
			sourceTree = "<group>";
		};
		EC997864288ADB580035A79E /* APOD */ = {
			isa = PBXGroup;
			children = (
				EC997836288849AD0035A79E /* APODViewController.swift */,
				EC997865288ADB800035A79E /* APODView.swift */,
				EC997867288AE3420035A79E /* DateSelectorView.swift */,
				EC99786B288B024B0035A79E /* APODCell.swift */,
			);
			path = APOD;
			sourceTree = "<group>";
		};
/* End PBXGroup section */

/* Begin PBXNativeTarget section */
		EC9977F3288846EE0035A79E /* GS_Demo */ = {
			isa = PBXNativeTarget;
			buildConfigurationList = EC997821288846F00035A79E /* Build configuration list for PBXNativeTarget "GS_Demo" */;
			buildPhases = (
				EC9977F0288846EE0035A79E /* Sources */,
				EC9977F1288846EE0035A79E /* Frameworks */,
				EC9977F2288846EE0035A79E /* Resources */,
			);
			buildRules = (
			);
			dependencies = (
			);
			name = GS_Demo;
			productName = GS_Demo;
			productReference = EC9977F4288846EE0035A79E /* GS_Demo.app */;
			productType = "com.apple.product-type.application";
		};
		EC99780C288846F00035A79E /* GS_DemoTests */ = {
			isa = PBXNativeTarget;
			buildConfigurationList = EC997824288846F00035A79E /* Build configuration list for PBXNativeTarget "GS_DemoTests" */;
			buildPhases = (
				EC997809288846F00035A79E /* Sources */,
				EC99780A288846F00035A79E /* Frameworks */,
				EC99780B288846F00035A79E /* Resources */,
			);
			buildRules = (
			);
			dependencies = (
				EC99780F288846F00035A79E /* PBXTargetDependency */,
			);
			name = GS_DemoTests;
			productName = GS_DemoTests;
			productReference = EC99780D288846F00035A79E /* GS_DemoTests.xctest */;
			productType = "com.apple.product-type.bundle.unit-test";
		};
		EC997816288846F00035A79E /* GS_DemoUITests */ = {
			isa = PBXNativeTarget;
			buildConfigurationList = EC997827288846F00035A79E /* Build configuration list for PBXNativeTarget "GS_DemoUITests" */;
			buildPhases = (
				EC997813288846F00035A79E /* Sources */,
				EC997814288846F00035A79E /* Frameworks */,
				EC997815288846F00035A79E /* Resources */,
			);
			buildRules = (
			);
			dependencies = (
				EC997819288846F00035A79E /* PBXTargetDependency */,
			);
			name = GS_DemoUITests;
			productName = GS_DemoUITests;
			productReference = EC997817288846F00035A79E /* GS_DemoUITests.xctest */;
			productType = "com.apple.product-type.bundle.ui-testing";
		};
/* End PBXNativeTarget section */

/* Begin PBXProject section */
		EC9977EC288846EE0035A79E /* Project object */ = {
			isa = PBXProject;
			attributes = {
				BuildIndependentTargetsInParallel = 1;
				LastSwiftUpdateCheck = 1320;
				LastUpgradeCheck = 1320;
				TargetAttributes = {
					EC9977F3288846EE0035A79E = {
						CreatedOnToolsVersion = 13.2.1;
					};
					EC99780C288846F00035A79E = {
						CreatedOnToolsVersion = 13.2.1;
						TestTargetID = EC9977F3288846EE0035A79E;
					};
					EC997816288846F00035A79E = {
						CreatedOnToolsVersion = 13.2.1;
						TestTargetID = EC9977F3288846EE0035A79E;
					};
				};
			};
			buildConfigurationList = EC9977EF288846EE0035A79E /* Build configuration list for PBXProject "GS_Demo" */;
			compatibilityVersion = "Xcode 13.0";
			developmentRegion = en;
			hasScannedForEncodings = 0;
			knownRegions = (
				en,
				Base,
			);
			mainGroup = EC9977EB288846EE0035A79E;
			productRefGroup = EC9977F5288846EE0035A79E /* Products */;
			projectDirPath = "";
			projectRoot = "";
			targets = (
				EC9977F3288846EE0035A79E /* GS_Demo */,
				EC99780C288846F00035A79E /* GS_DemoTests */,
				EC997816288846F00035A79E /* GS_DemoUITests */,
			);
		};
/* End PBXProject section */

/* Begin PBXResourcesBuildPhase section */
		EC9977F2288846EE0035A79E /* Resources */ = {
			isa = PBXResourcesBuildPhase;
			buildActionMask = 2147483647;
			files = (
				EC66588E288DA46F007E9501 /* README.md in Resources */,
				EC997807288846EF0035A79E /* LaunchScreen.storyboard in Resources */,
				EC997804288846EF0035A79E /* Assets.xcassets in Resources */,
			);
			runOnlyForDeploymentPostprocessing = 0;
		};
		EC99780B288846F00035A79E /* Resources */ = {
			isa = PBXResourcesBuildPhase;
			buildActionMask = 2147483647;
			files = (
			);
			runOnlyForDeploymentPostprocessing = 0;
		};
		EC997815288846F00035A79E /* Resources */ = {
			isa = PBXResourcesBuildPhase;
			buildActionMask = 2147483647;
			files = (
			);
			runOnlyForDeploymentPostprocessing = 0;
		};
/* End PBXResourcesBuildPhase section */

/* Begin PBXSourcesBuildPhase section */
		EC9977F0288846EE0035A79E /* Sources */ = {
			isa = PBXSourcesBuildPhase;
			buildActionMask = 2147483647;
			files = (
				EC99784E28892B160035A79E /* Reachability.swift in Sources */,
				EC997847288877E00035A79E /* EndPoint+Calls.swift in Sources */,
				EC997839288849D70035A79E /* BaseViewController.swift in Sources */,
				EC99783B28884BFF0035A79E /* PictureDetailsModel.swift in Sources */,
				EC99785D2889754B0035A79E /* PictureDetailsManagedModel.swift in Sources */,
				EC99786C288B024B0035A79E /* APODCell.swift in Sources */,
				EC997859288966290035A79E /* CoreDataManager.swift in Sources */,
				EC99784C28892A950035A79E /* Networking.swift in Sources */,
				EC997868288AE3420035A79E /* DateSelectorView.swift in Sources */,
				EC66588A288D3D34007E9501 /* GlobantConstants.swift in Sources */,
				EC99785F28899F9E0035A79E /* Extensions.swift in Sources */,
				EC997843288877360035A79E /* EndPoint+Paths.swift in Sources */,
				EC997841288876D80035A79E /* EndPoint.swift in Sources */,
				EC997861288AA0970035A79E /* APODViewModel.swift in Sources */,
				EC665887288D3A22007E9501 /* PhotoViewModel.swift in Sources */,
				EC99784A28892A870035A79E /* NetworkingConstants.swift in Sources */,
				EC99785228895AA90035A79E /* GSApiServices+Constants.swift in Sources */,
				EC99783D28884C5B0035A79E /* ImageDownloadManager.swift in Sources */,
				EC99785028895A1D0035A79E /* GSApiServices.swift in Sources */,
				EC997845288877A00035A79E /* Endpoint+Method.swift in Sources */,
				EC997832288848980035A79E /* Router.swift in Sources */,
				EC99786E288C30F00035A79E /* Loader.swift in Sources */,
				EC9977F8288846EE0035A79E /* AppDelegate.swift in Sources */,
				EC997866288ADB800035A79E /* APODView.swift in Sources */,
				EC997863288AA2920035A79E /* APODCellViewModel.swift in Sources */,
				EC997837288849AD0035A79E /* APODViewController.swift in Sources */,
				EC997802288846EE0035A79E /* GS_Demo.xcdatamodeld in Sources */,
				EC665884288D3A07007E9501 /* PhotoViewController.swift in Sources */,
			);
			runOnlyForDeploymentPostprocessing = 0;
		};
		EC997809288846F00035A79E /* Sources */ = {
			isa = PBXSourcesBuildPhase;
			buildActionMask = 2147483647;
			files = (
				EC665890288DA557007E9501 /* APODViewModelTestCases.swift in Sources */,
				EC665892288DB2C0007E9501 /* LoadPhotoVMTestCases.swift in Sources */,
				EC997812288846F00035A79E /* GS_DemoTests.swift in Sources */,
			);
			runOnlyForDeploymentPostprocessing = 0;
		};
		EC997813288846F00035A79E /* Sources */ = {
			isa = PBXSourcesBuildPhase;
			buildActionMask = 2147483647;
			files = (
				EC99781C288846F00035A79E /* GS_DemoUITests.swift in Sources */,
				EC99781E288846F00035A79E /* GS_DemoUITestsLaunchTests.swift in Sources */,
			);
			runOnlyForDeploymentPostprocessing = 0;
		};
/* End PBXSourcesBuildPhase section */

/* Begin PBXTargetDependency section */
		EC99780F288846F00035A79E /* PBXTargetDependency */ = {
			isa = PBXTargetDependency;
			target = EC9977F3288846EE0035A79E /* GS_Demo */;
			targetProxy = EC99780E288846F00035A79E /* PBXContainerItemProxy */;
		};
		EC997819288846F00035A79E /* PBXTargetDependency */ = {
			isa = PBXTargetDependency;
			target = EC9977F3288846EE0035A79E /* GS_Demo */;
			targetProxy = EC997818288846F00035A79E /* PBXContainerItemProxy */;
		};
/* End PBXTargetDependency section */

/* Begin PBXVariantGroup section */
		EC997805288846EF0035A79E /* LaunchScreen.storyboard */ = {
			isa = PBXVariantGroup;
			children = (
				EC997806288846EF0035A79E /* Base */,
			);
			name = LaunchScreen.storyboard;
			sourceTree = "<group>";
		};
/* End PBXVariantGroup section */

/* Begin XCBuildConfiguration section */
		EC99781F288846F00035A79E /* Debug */ = {
			isa = XCBuildConfiguration;
			buildSettings = {
				ALWAYS_SEARCH_USER_PATHS = NO;
				CLANG_ANALYZER_NONNULL = YES;
				CLANG_ANALYZER_NUMBER_OBJECT_CONVERSION = YES_AGGRESSIVE;
				CLANG_CXX_LANGUAGE_STANDARD = "gnu++17";
				CLANG_CXX_LIBRARY = "libc++";
				CLANG_ENABLE_MODULES = YES;
				CLANG_ENABLE_OBJC_ARC = YES;
				CLANG_ENABLE_OBJC_WEAK = YES;
				CLANG_WARN_BLOCK_CAPTURE_AUTORELEASING = YES;
				CLANG_WARN_BOOL_CONVERSION = YES;
				CLANG_WARN_COMMA = YES;
				CLANG_WARN_CONSTANT_CONVERSION = YES;
				CLANG_WARN_DEPRECATED_OBJC_IMPLEMENTATIONS = YES;
				CLANG_WARN_DIRECT_OBJC_ISA_USAGE = YES_ERROR;
				CLANG_WARN_DOCUMENTATION_COMMENTS = YES;
				CLANG_WARN_EMPTY_BODY = YES;
				CLANG_WARN_ENUM_CONVERSION = YES;
				CLANG_WARN_INFINITE_RECURSION = YES;
				CLANG_WARN_INT_CONVERSION = YES;
				CLANG_WARN_NON_LITERAL_NULL_CONVERSION = YES;
				CLANG_WARN_OBJC_IMPLICIT_RETAIN_SELF = YES;
				CLANG_WARN_OBJC_LITERAL_CONVERSION = YES;
				CLANG_WARN_OBJC_ROOT_CLASS = YES_ERROR;
				CLANG_WARN_QUOTED_INCLUDE_IN_FRAMEWORK_HEADER = YES;
				CLANG_WARN_RANGE_LOOP_ANALYSIS = YES;
				CLANG_WARN_STRICT_PROTOTYPES = YES;
				CLANG_WARN_SUSPICIOUS_MOVE = YES;
				CLANG_WARN_UNGUARDED_AVAILABILITY = YES_AGGRESSIVE;
				CLANG_WARN_UNREACHABLE_CODE = YES;
				CLANG_WARN__DUPLICATE_METHOD_MATCH = YES;
				COPY_PHASE_STRIP = NO;
				DEBUG_INFORMATION_FORMAT = dwarf;
				ENABLE_STRICT_OBJC_MSGSEND = YES;
				ENABLE_TESTABILITY = YES;
				GCC_C_LANGUAGE_STANDARD = gnu11;
				GCC_DYNAMIC_NO_PIC = NO;
				GCC_NO_COMMON_BLOCKS = YES;
				GCC_OPTIMIZATION_LEVEL = 0;
				GCC_PREPROCESSOR_DEFINITIONS = (
					"DEBUG=1",
					"$(inherited)",
				);
				GCC_WARN_64_TO_32_BIT_CONVERSION = YES;
				GCC_WARN_ABOUT_RETURN_TYPE = YES_ERROR;
				GCC_WARN_UNDECLARED_SELECTOR = YES;
				GCC_WARN_UNINITIALIZED_AUTOS = YES_AGGRESSIVE;
				GCC_WARN_UNUSED_FUNCTION = YES;
				GCC_WARN_UNUSED_VARIABLE = YES;
				IPHONEOS_DEPLOYMENT_TARGET = 15.2;
				MTL_ENABLE_DEBUG_INFO = INCLUDE_SOURCE;
				MTL_FAST_MATH = YES;
				ONLY_ACTIVE_ARCH = YES;
				SDKROOT = iphoneos;
				SWIFT_ACTIVE_COMPILATION_CONDITIONS = DEBUG;
				SWIFT_OPTIMIZATION_LEVEL = "-Onone";
			};
			name = Debug;
		};
		EC997820288846F00035A79E /* Release */ = {
			isa = XCBuildConfiguration;
			buildSettings = {
				ALWAYS_SEARCH_USER_PATHS = NO;
				CLANG_ANALYZER_NONNULL = YES;
				CLANG_ANALYZER_NUMBER_OBJECT_CONVERSION = YES_AGGRESSIVE;
				CLANG_CXX_LANGUAGE_STANDARD = "gnu++17";
				CLANG_CXX_LIBRARY = "libc++";
				CLANG_ENABLE_MODULES = YES;
				CLANG_ENABLE_OBJC_ARC = YES;
				CLANG_ENABLE_OBJC_WEAK = YES;
				CLANG_WARN_BLOCK_CAPTURE_AUTORELEASING = YES;
				CLANG_WARN_BOOL_CONVERSION = YES;
				CLANG_WARN_COMMA = YES;
				CLANG_WARN_CONSTANT_CONVERSION = YES;
				CLANG_WARN_DEPRECATED_OBJC_IMPLEMENTATIONS = YES;
				CLANG_WARN_DIRECT_OBJC_ISA_USAGE = YES_ERROR;
				CLANG_WARN_DOCUMENTATION_COMMENTS = YES;
				CLANG_WARN_EMPTY_BODY = YES;
				CLANG_WARN_ENUM_CONVERSION = YES;
				CLANG_WARN_INFINITE_RECURSION = YES;
				CLANG_WARN_INT_CONVERSION = YES;
				CLANG_WARN_NON_LITERAL_NULL_CONVERSION = YES;
				CLANG_WARN_OBJC_IMPLICIT_RETAIN_SELF = YES;
				CLANG_WARN_OBJC_LITERAL_CONVERSION = YES;
				CLANG_WARN_OBJC_ROOT_CLASS = YES_ERROR;
				CLANG_WARN_QUOTED_INCLUDE_IN_FRAMEWORK_HEADER = YES;
				CLANG_WARN_RANGE_LOOP_ANALYSIS = YES;
				CLANG_WARN_STRICT_PROTOTYPES = YES;
				CLANG_WARN_SUSPICIOUS_MOVE = YES;
				CLANG_WARN_UNGUARDED_AVAILABILITY = YES_AGGRESSIVE;
				CLANG_WARN_UNREACHABLE_CODE = YES;
				CLANG_WARN__DUPLICATE_METHOD_MATCH = YES;
				COPY_PHASE_STRIP = NO;
				DEBUG_INFORMATION_FORMAT = "dwarf-with-dsym";
				ENABLE_NS_ASSERTIONS = NO;
				ENABLE_STRICT_OBJC_MSGSEND = YES;
				GCC_C_LANGUAGE_STANDARD = gnu11;
				GCC_NO_COMMON_BLOCKS = YES;
				GCC_WARN_64_TO_32_BIT_CONVERSION = YES;
				GCC_WARN_ABOUT_RETURN_TYPE = YES_ERROR;
				GCC_WARN_UNDECLARED_SELECTOR = YES;
				GCC_WARN_UNINITIALIZED_AUTOS = YES_AGGRESSIVE;
				GCC_WARN_UNUSED_FUNCTION = YES;
				GCC_WARN_UNUSED_VARIABLE = YES;
				IPHONEOS_DEPLOYMENT_TARGET = 15.2;
				MTL_ENABLE_DEBUG_INFO = NO;
				MTL_FAST_MATH = YES;
				SDKROOT = iphoneos;
				SWIFT_COMPILATION_MODE = wholemodule;
				SWIFT_OPTIMIZATION_LEVEL = "-O";
				VALIDATE_PRODUCT = YES;
			};
			name = Release;
		};
		EC997822288846F00035A79E /* Debug */ = {
			isa = XCBuildConfiguration;
			buildSettings = {
				ASSETCATALOG_COMPILER_APPICON_NAME = AppIcon;
				ASSETCATALOG_COMPILER_GLOBAL_ACCENT_COLOR_NAME = AccentColor;
				CODE_SIGN_STYLE = Automatic;
				CURRENT_PROJECT_VERSION = 1;
				GENERATE_INFOPLIST_FILE = YES;
				INFOPLIST_FILE = GS_Demo/Info.plist;
				INFOPLIST_KEY_UIApplicationSupportsIndirectInputEvents = YES;
				INFOPLIST_KEY_UILaunchStoryboardName = LaunchScreen;
				INFOPLIST_KEY_UISupportedInterfaceOrientations_iPad = "UIInterfaceOrientationPortrait UIInterfaceOrientationPortraitUpsideDown UIInterfaceOrientationLandscapeLeft UIInterfaceOrientationLandscapeRight";
				INFOPLIST_KEY_UISupportedInterfaceOrientations_iPhone = "UIInterfaceOrientationPortrait UIInterfaceOrientationLandscapeLeft UIInterfaceOrientationLandscapeRight";
				LD_RUNPATH_SEARCH_PATHS = (
					"$(inherited)",
					"@executable_path/Frameworks",
				);
				MARKETING_VERSION = 1.0;
				PRODUCT_BUNDLE_IDENTIFIER = "com.app..GS-Demo";
				PRODUCT_NAME = "$(TARGET_NAME)";
				SWIFT_EMIT_LOC_STRINGS = YES;
				SWIFT_VERSION = 5.0;
				TARGETED_DEVICE_FAMILY = "1,2";
			};
			name = Debug;
		};
		EC997823288846F00035A79E /* Release */ = {
			isa = XCBuildConfiguration;
			buildSettings = {
				ASSETCATALOG_COMPILER_APPICON_NAME = AppIcon;
				ASSETCATALOG_COMPILER_GLOBAL_ACCENT_COLOR_NAME = AccentColor;
				CODE_SIGN_STYLE = Automatic;
				CURRENT_PROJECT_VERSION = 1;
				GENERATE_INFOPLIST_FILE = YES;
				INFOPLIST_FILE = GS_Demo/Info.plist;
				INFOPLIST_KEY_UIApplicationSupportsIndirectInputEvents = YES;
				INFOPLIST_KEY_UILaunchStoryboardName = LaunchScreen;
				INFOPLIST_KEY_UISupportedInterfaceOrientations_iPad = "UIInterfaceOrientationPortrait UIInterfaceOrientationPortraitUpsideDown UIInterfaceOrientationLandscapeLeft UIInterfaceOrientationLandscapeRight";
				INFOPLIST_KEY_UISupportedInterfaceOrientations_iPhone = "UIInterfaceOrientationPortrait UIInterfaceOrientationLandscapeLeft UIInterfaceOrientationLandscapeRight";
				LD_RUNPATH_SEARCH_PATHS = (
					"$(inherited)",
					"@executable_path/Frameworks",
				);
				MARKETING_VERSION = 1.0;
				PRODUCT_BUNDLE_IDENTIFIER = "com.app..GS-Demo";
				PRODUCT_NAME = "$(TARGET_NAME)";
				SWIFT_EMIT_LOC_STRINGS = YES;
				SWIFT_VERSION = 5.0;
				TARGETED_DEVICE_FAMILY = "1,2";
			};
			name = Release;
		};
		EC997825288846F00035A79E /* Debug */ = {
			isa = XCBuildConfiguration;
			buildSettings = {
				ALWAYS_EMBED_SWIFT_STANDARD_LIBRARIES = YES;
				BUNDLE_LOADER = "$(TEST_HOST)";
				CODE_SIGN_STYLE = Automatic;
				CURRENT_PROJECT_VERSION = 1;
				GENERATE_INFOPLIST_FILE = YES;
				IPHONEOS_DEPLOYMENT_TARGET = 15.2;
				MARKETING_VERSION = 1.0;
				PRODUCT_BUNDLE_IDENTIFIER = "com.app..GS-DemoTests";
				PRODUCT_NAME = "$(TARGET_NAME)";
				SWIFT_EMIT_LOC_STRINGS = NO;
				SWIFT_VERSION = 5.0;
				TARGETED_DEVICE_FAMILY = "1,2";
				TEST_HOST = "$(BUILT_PRODUCTS_DIR)/GS_Demo.app/GS_Demo";
			};
			name = Debug;
		};
		EC997826288846F00035A79E /* Release */ = {
			isa = XCBuildConfiguration;
			buildSettings = {
				ALWAYS_EMBED_SWIFT_STANDARD_LIBRARIES = YES;
				BUNDLE_LOADER = "$(TEST_HOST)";
				CODE_SIGN_STYLE = Automatic;
				CURRENT_PROJECT_VERSION = 1;
				GENERATE_INFOPLIST_FILE = YES;
				IPHONEOS_DEPLOYMENT_TARGET = 15.2;
				MARKETING_VERSION = 1.0;
				PRODUCT_BUNDLE_IDENTIFIER = "com.app..GS-DemoTests";
				PRODUCT_NAME = "$(TARGET_NAME)";
				SWIFT_EMIT_LOC_STRINGS = NO;
				SWIFT_VERSION = 5.0;
				TARGETED_DEVICE_FAMILY = "1,2";
				TEST_HOST = "$(BUILT_PRODUCTS_DIR)/GS_Demo.app/GS_Demo";
			};
			name = Release;
		};
		EC997828288846F00035A79E /* Debug */ = {
			isa = XCBuildConfiguration;
			buildSettings = {
				ALWAYS_EMBED_SWIFT_STANDARD_LIBRARIES = YES;
				CODE_SIGN_STYLE = Automatic;
				CURRENT_PROJECT_VERSION = 1;
				GENERATE_INFOPLIST_FILE = YES;
				MARKETING_VERSION = 1.0;
				PRODUCT_BUNDLE_IDENTIFIER = "com.app..GS-DemoUITests";
				PRODUCT_NAME = "$(TARGET_NAME)";
				SWIFT_EMIT_LOC_STRINGS = NO;
				SWIFT_VERSION = 5.0;
				TARGETED_DEVICE_FAMILY = "1,2";
				TEST_TARGET_NAME = GS_Demo;
			};
			name = Debug;
		};
		EC997829288846F00035A79E /* Release */ = {
			isa = XCBuildConfiguration;
			buildSettings = {
				ALWAYS_EMBED_SWIFT_STANDARD_LIBRARIES = YES;
				CODE_SIGN_STYLE = Automatic;
				CURRENT_PROJECT_VERSION = 1;
				GENERATE_INFOPLIST_FILE = YES;
				MARKETING_VERSION = 1.0;
				PRODUCT_BUNDLE_IDENTIFIER = "com.app..GS-DemoUITests";
				PRODUCT_NAME = "$(TARGET_NAME)";
				SWIFT_EMIT_LOC_STRINGS = NO;
				SWIFT_VERSION = 5.0;
				TARGETED_DEVICE_FAMILY = "1,2";
				TEST_TARGET_NAME = GS_Demo;
			};
			name = Release;
		};
/* End XCBuildConfiguration section */

/* Begin XCConfigurationList section */
		EC9977EF288846EE0035A79E /* Build configuration list for PBXProject "GS_Demo" */ = {
			isa = XCConfigurationList;
			buildConfigurations = (
				EC99781F288846F00035A79E /* Debug */,
				EC997820288846F00035A79E /* Release */,
			);
			defaultConfigurationIsVisible = 0;
			defaultConfigurationName = Release;
		};
		EC997821288846F00035A79E /* Build configuration list for PBXNativeTarget "GS_Demo" */ = {
			isa = XCConfigurationList;
			buildConfigurations = (
				EC997822288846F00035A79E /* Debug */,
				EC997823288846F00035A79E /* Release */,
			);
			defaultConfigurationIsVisible = 0;
			defaultConfigurationName = Release;
		};
		EC997824288846F00035A79E /* Build configuration list for PBXNativeTarget "GS_DemoTests" */ = {
			isa = XCConfigurationList;
			buildConfigurations = (
				EC997825288846F00035A79E /* Debug */,
				EC997826288846F00035A79E /* Release */,
			);
			defaultConfigurationIsVisible = 0;
			defaultConfigurationName = Release;
		};
		EC997827288846F00035A79E /* Build configuration list for PBXNativeTarget "GS_DemoUITests" */ = {
			isa = XCConfigurationList;
			buildConfigurations = (
				EC997828288846F00035A79E /* Debug */,
				EC997829288846F00035A79E /* Release */,
			);
			defaultConfigurationIsVisible = 0;
			defaultConfigurationName = Release;
		};
/* End XCConfigurationList section */

/* Begin XCVersionGroup section */
		EC997800288846EE0035A79E /* GS_Demo.xcdatamodeld */ = {
			isa = XCVersionGroup;
			children = (
				EC997801288846EE0035A79E /* GS_Demo.xcdatamodel */,
			);
			currentVersion = EC997801288846EE0035A79E /* GS_Demo.xcdatamodel */;
			path = GS_Demo.xcdatamodeld;
			sourceTree = "<group>";
			versionGroupType = wrapper.xcdatamodel;
		};
/* End XCVersionGroup section */
	};
	rootObject = EC9977EC288846EE0035A79E /* Project object */;
}
